
Microsoft Visual Studio Solution File, Format Version 12.00
# Visual Studio Version 16
VisualStudioVersion = 16.0.31702.278
MinimumVisualStudioVersion = 10.0.40219.1
Project("{FAE04EC0-301F-11D3-BF4B-00C04F79EFBC}") = "Parsing", "Parsing\Parsing.csproj", "{7C927CD0-2EE2-4CEA-8784-248A3483E4EE}"
EndProject
Global
	GlobalSection(SolutionConfigurationPlatforms) = preSolution
		Debug|Any CPU = Debug|Any CPU
		Release|Any CPU = Release|Any CPU
	EndGlobalSection
	GlobalSection(ProjectConfigurationPlatforms) = postSolution
		{7C927CD0-2EE2-4CEA-8784-248A3483E4EE}.Debug|Any CPU.ActiveCfg = Debug|Any CPU
		{7C927CD0-2EE2-4CEA-8784-248A3483E4EE}.Debug|Any CPU.Build.0 = Debug|Any CPU
		{7C927CD0-2EE2-4CEA-8784-248A3483E4EE}.Release|Any CPU.ActiveCfg = Release|Any CPU
		{7C927CD0-2EE2-4CEA-8784-248A3483E4EE}.Release|Any CPU.Build.0 = Release|Any CPU
	EndGlobalSection
	GlobalSection(SolutionProperties) = preSolution
		HideSolutionNode = FALSE
	EndGlobalSection
	GlobalSection(ExtensibilityGlobals) = postSolution
		SolutionGuid = {12947C1C-9A7D-48AE-8A7E-78B0450CF20C}
	EndGlobalSection
EndGlobal
